// !$*UTF8*$!
{
	archiveVersion = 1;
	classes = {
	};
	objectVersion = 55;
	objects = {

/* Begin PBXBuildFile section */
		BFD6747F2DFD2C4300225927 /* MelodyMapApp.swift in Sources */ = {isa = PBXBuildFile; fileRef = BFD6747E2DFD2C4300225927 /* MelodyMapApp.swift */; };
		BFD674832DFD2C4500225927 /* Assets.xcassets in Resources */ = {isa = PBXBuildFile; fileRef = BFD674822DFD2C4500225927 /* Assets.xcassets */; };
		BFD674862DFD2C4500225927 /* Preview Assets.xcassets in Resources */ = {isa = PBXBuildFile; fileRef = BFD674852DFD2C4500225927 /* Preview Assets.xcassets */; };
		BFD674902DFD2C4600225927 /* MelodyMapTests.swift in Sources */ = {isa = PBXBuildFile; fileRef = BFD6748F2DFD2C4600225927 /* MelodyMapTests.swift */; };
		BFD6749A2DFD2C4600225927 /* MelodyMapUITests.swift in Sources */ = {isa = PBXBuildFile; fileRef = BFD674992DFD2C4600225927 /* MelodyMapUITests.swift */; };
		BFD6749C2DFD2C4600225927 /* MelodyMapUITestsLaunchTests.swift in Sources */ = {isa = PBXBuildFile; fileRef = BFD6749B2DFD2C4600225927 /* MelodyMapUITestsLaunchTests.swift */; };
		BFD99CF82DFDFD81000B54EE /* InAppPurchaseService.swift in Sources */ = {isa = PBXBuildFile; fileRef = BFD99CDF2DFDFD81000B54EE /* InAppPurchaseService.swift */; };
		BFD99CF92DFDFD81000B54EE /* AdService.swift in Sources */ = {isa = PBXBuildFile; fileRef = BFD99CE02DFDFD81000B54EE /* AdService.swift */; };
		BFD99CFA2DFDFD81000B54EE /* DataSyncService.swift in Sources */ = {isa = PBXBuildFile; fileRef = BFD99CE12DFDFD81000B54EE /* DataSyncService.swift */; };
		BFD99CFB2DFDFD81000B54EE /* .gitkeep in Resources */ = {isa = PBXBuildFile; fileRef = BFD99CE32DFDFD81000B54EE /* .gitkeep */; };
		BFD99CFC2DFDFD81000B54EE /* Helpers.swift in Sources */ = {isa = PBXBuildFile; fileRef = BFD99CE52DFDFD81000B54EE /* Helpers.swift */; };
		BFD99CFD2DFDFD81000B54EE /* Movie.swift in Sources */ = {isa = PBXBuildFile; fileRef = BFD99CE72DFDFD81000B54EE /* Movie.swift */; };
		BFD99CFE2DFDFD81000B54EE /* Song.swift in Sources */ = {isa = PBXBuildFile; fileRef = BFD99CE82DFDFD81000B54EE /* Song.swift */; };
		BFD99CFF2DFDFD81000B54EE /* UserProfile.swift in Sources */ = {isa = PBXBuildFile; fileRef = BFD99CE92DFDFD81000B54EE /* UserProfile.swift */; };
		BFD99D002DFDFD81000B54EE /* MainTabView.swift in Sources */ = {isa = PBXBuildFile; fileRef = BFD99CEB2DFDFD81000B54EE /* MainTabView.swift */; };
		BFD99D012DFDFD81000B54EE /* SearchView.swift in Sources */ = {isa = PBXBuildFile; fileRef = BFD99CEC2DFDFD81000B54EE /* SearchView.swift */; };
		BFD99D022DFDFD81000B54EE /* ProfileView.swift in Sources */ = {isa = PBXBuildFile; fileRef = BFD99CED2DFDFD81000B54EE /* ProfileView.swift */; };
		BFD99D032DFDFD81000B54EE /* TimelineView.swift in Sources */ = {isa = PBXBuildFile; fileRef = BFD99CEE2DFDFD81000B54EE /* TimelineView.swift */; };
		BFD99D042DFDFD81000B54EE /* SongDetailView.swift in Sources */ = {isa = PBXBuildFile; fileRef = BFD99CEF2DFDFD81000B54EE /* SongDetailView.swift */; };
		BFD99D052DFDFD81000B54EE /* TimelineViewModel.swift in Sources */ = {isa = PBXBuildFile; fileRef = BFD99CF12DFDFD81000B54EE /* TimelineViewModel.swift */; };
		BFD99D062DFDFD81000B54EE /* UserProfileViewModel.swift in Sources */ = {isa = PBXBuildFile; fileRef = BFD99CF22DFDFD81000B54EE /* UserProfileViewModel.swift */; };
		BFD99D072DFDFD81000B54EE /* SearchViewModel.swift in Sources */ = {isa = PBXBuildFile; fileRef = BFD99CF32DFDFD81000B54EE /* SearchViewModel.swift */; };
		BFD99D082DFDFD82000B54EE /* GoogleSheetsService.swift in Sources */ = {isa = PBXBuildFile; fileRef = BFD99CF52DFDFD81000B54EE /* GoogleSheetsService.swift */; };
		BFD99D0B2DFE90DE000B54EE /* APIService.swift in Sources */ = {isa = PBXBuildFile; fileRef = BFD99D0A2DFE90DD000B54EE /* APIService.swift */; };
		BFD99D0D2DFF466A000B54EE /* StarButton.swift in Sources */ = {isa = PBXBuildFile; fileRef = BFD99D0C2DFF466A000B54EE /* StarButton.swift */; };
		BFD99D0F2DFF49AD000B54EE /* UsageMeterView.swift in Sources */ = {isa = PBXBuildFile; fileRef = BFD99D0E2DFF49AD000B54EE /* UsageMeterView.swift */; };
		BFD99D112DFF4A90000B54EE /* UsageTrackerService.swift in Sources */ = {isa = PBXBuildFile; fileRef = BFD99D102DFF4A90000B54EE /* UsageTrackerService.swift */; };
		BFD99D122DFE910E000B54EE /* PageCurlView.swift in Sources */ = {isa = PBXBuildFile; fileRef = BFD99D112DFE910E000B54EE /* PageCurlView.swift */; };
		BFD99D142DFDFD81000B54EE /* IndexedSong.swift in Sources */ = {isa = PBXBuildFile; fileRef = BFD99D132DFDFD81000B54EE /* IndexedSong.swift */; };
		BFD99D152DFF4B00000B54EE /* Components/QuotaExceededSheet.swift in Sources */ = {isa = PBXBuildFile; fileRef = BFD99D142DFF4B00000B54EE /* Components/QuotaExceededSheet.swift */; };
		BFD99D162E00CC0E000B54EE /* PurchaseService.swift in Sources */ = {isa = PBXBuildFile; fileRef = BFD99D172E00CC0E000B54EE /* PurchaseService.swift */; };
		BFD99D182E00CC0F000B54EE /* Paywall/PaywallView.swift in Sources */ = {isa = PBXBuildFile; fileRef = BFD99D192E00CC0F000B54EE /* Paywall/PaywallView.swift */; };
		BFD99D1E2E00CC0D000B54EE /* StoreKit.framework in Frameworks */ = {isa = PBXBuildFile; fileRef = BFD99D1F2E00CC0D000B54EE /* StoreKit.framework */; };
		BFD99D212E02B728000B54EE /* SplashView.swift in Sources */ = {isa = PBXBuildFile; fileRef = BFD99D202E02B728000B54EE /* SplashView.swift */; };
		BFD99D232E032824000B54EE /* UpgradeButton.swift in Sources */ = {isa = PBXBuildFile; fileRef = BFD99D222E032824000B54EE /* UpgradeButton.swift */; };
		BFD99D252E03283C000B54EE /* DailyUsesCounterButton.swift in Sources */ = {isa = PBXBuildFile; fileRef = BFD99D242E03283C000B54EE /* DailyUsesCounterButton.swift */; };
		C1D2FE12780743C4971575A0 /* MoviePageView.swift in Sources */ = {isa = PBXBuildFile; fileRef = 40A366303D6046388571CA84 /* MoviePageView.swift */; };
/* End PBXBuildFile section */

/* Begin PBXContainerItemProxy section */
		BFD6748C2DFD2C4600225927 /* PBXContainerItemProxy */ = {
			isa = PBXContainerItemProxy;
			containerPortal = BFD674732DFD2C4300225927 /* Project object */;
			proxyType = 1;
			remoteGlobalIDString = BFD6747A2DFD2C4300225927;
			remoteInfo = MelodyMap;
		};
		BFD674962DFD2C4600225927 /* PBXContainerItemProxy */ = {
			isa = PBXContainerItemProxy;
			containerPortal = BFD674732DFD2C4300225927 /* Project object */;
			proxyType = 1;
			remoteGlobalIDString = BFD6747A2DFD2C4300225927;
			remoteInfo = MelodyMap;
		};
/* End PBXContainerItemProxy section */

/* Begin PBXCopyFilesBuildPhase section */
		BFD99D1E2E00CC0C000B54EE /* Embed Frameworks */ = {
			isa = PBXCopyFilesBuildPhase;
			buildActionMask = 2147483647;
			dstPath = "";
			dstSubfolderSpec = 10;
			files = (
			);
			name = "Embed Frameworks";
			runOnlyForDeploymentPostprocessing = 0;
		};
/* End PBXCopyFilesBuildPhase section */

/* Begin PBXFileReference section */
		40A366303D6046388571CA84 /* MoviePageView.swift */ = {isa = PBXFileReference; fileEncoding = 4; lastKnownFileType = sourcecode.swift; path = MoviePageView.swift; sourceTree = "<group>"; };
		BFD6747B2DFD2C4300225927 /* MelodyMap.app */ = {isa = PBXFileReference; explicitFileType = wrapper.application; includeInIndex = 0; path = MelodyMap.app; sourceTree = BUILT_PRODUCTS_DIR; };
		BFD6747E2DFD2C4300225927 /* MelodyMapApp.swift */ = {isa = PBXFileReference; lastKnownFileType = sourcecode.swift; path = MelodyMapApp.swift; sourceTree = "<group>"; };
		BFD674822DFD2C4500225927 /* Assets.xcassets */ = {isa = PBXFileReference; lastKnownFileType = folder.assetcatalog; path = Assets.xcassets; sourceTree = "<group>"; };
		BFD674852DFD2C4500225927 /* Preview Assets.xcassets */ = {isa = PBXFileReference; lastKnownFileType = folder.assetcatalog; path = "Preview Assets.xcassets"; sourceTree = "<group>"; };
		BFD6748B2DFD2C4600225927 /* MelodyMapTests.xctest */ = {isa = PBXFileReference; explicitFileType = wrapper.cfbundle; includeInIndex = 0; path = MelodyMapTests.xctest; sourceTree = BUILT_PRODUCTS_DIR; };
		BFD6748F2DFD2C4600225927 /* MelodyMapTests.swift */ = {isa = PBXFileReference; lastKnownFileType = sourcecode.swift; path = MelodyMapTests.swift; sourceTree = "<group>"; };
		BFD674952DFD2C4600225927 /* MelodyMapUITests.xctest */ = {isa = PBXFileReference; explicitFileType = wrapper.cfbundle; includeInIndex = 0; path = MelodyMapUITests.xctest; sourceTree = BUILT_PRODUCTS_DIR; };
		BFD674992DFD2C4600225927 /* MelodyMapUITests.swift */ = {isa = PBXFileReference; lastKnownFileType = sourcecode.swift; path = MelodyMapUITests.swift; sourceTree = "<group>"; };
		BFD6749B2DFD2C4600225927 /* MelodyMapUITestsLaunchTests.swift */ = {isa = PBXFileReference; lastKnownFileType = sourcecode.swift; path = MelodyMapUITestsLaunchTests.swift; sourceTree = "<group>"; };
		BFD99CDF2DFDFD81000B54EE /* InAppPurchaseService.swift */ = {isa = PBXFileReference; fileEncoding = 4; lastKnownFileType = sourcecode.swift; path = InAppPurchaseService.swift; sourceTree = "<group>"; };
		BFD99CE02DFDFD81000B54EE /* AdService.swift */ = {isa = PBXFileReference; fileEncoding = 4; lastKnownFileType = sourcecode.swift; path = AdService.swift; sourceTree = "<group>"; };
		BFD99CE12DFDFD81000B54EE /* DataSyncService.swift */ = {isa = PBXFileReference; fileEncoding = 4; lastKnownFileType = sourcecode.swift; path = DataSyncService.swift; sourceTree = "<group>"; };
		BFD99CE32DFDFD81000B54EE /* .gitkeep */ = {isa = PBXFileReference; fileEncoding = 4; lastKnownFileType = text; path = .gitkeep; sourceTree = "<group>"; };
		BFD99CE52DFDFD81000B54EE /* Helpers.swift */ = {isa = PBXFileReference; fileEncoding = 4; lastKnownFileType = sourcecode.swift; path = Helpers.swift; sourceTree = "<group>"; };
		BFD99CE72DFDFD81000B54EE /* Movie.swift */ = {isa = PBXFileReference; fileEncoding = 4; lastKnownFileType = sourcecode.swift; path = Movie.swift; sourceTree = "<group>"; };
		BFD99CE82DFDFD81000B54EE /* Song.swift */ = {isa = PBXFileReference; fileEncoding = 4; lastKnownFileType = sourcecode.swift; path = Song.swift; sourceTree = "<group>"; };
		BFD99CE92DFDFD81000B54EE /* UserProfile.swift */ = {isa = PBXFileReference; fileEncoding = 4; lastKnownFileType = sourcecode.swift; path = UserProfile.swift; sourceTree = "<group>"; };
		BFD99CEB2DFDFD81000B54EE /* MainTabView.swift */ = {isa = PBXFileReference; fileEncoding = 4; lastKnownFileType = sourcecode.swift; path = MainTabView.swift; sourceTree = "<group>"; };
		BFD99CEC2DFDFD81000B54EE /* SearchView.swift */ = {isa = PBXFileReference; fileEncoding = 4; lastKnownFileType = sourcecode.swift; path = SearchView.swift; sourceTree = "<group>"; };
		BFD99CED2DFDFD81000B54EE /* ProfileView.swift */ = {isa = PBXFileReference; fileEncoding = 4; lastKnownFileType = sourcecode.swift; path = ProfileView.swift; sourceTree = "<group>"; };
		BFD99CEE2DFDFD81000B54EE /* TimelineView.swift */ = {isa = PBXFileReference; fileEncoding = 4; lastKnownFileType = sourcecode.swift; path = TimelineView.swift; sourceTree = "<group>"; };
		BFD99CEF2DFDFD81000B54EE /* SongDetailView.swift */ = {isa = PBXFileReference; fileEncoding = 4; lastKnownFileType = sourcecode.swift; path = SongDetailView.swift; sourceTree = "<group>"; };
		BFD99CF12DFDFD81000B54EE /* TimelineViewModel.swift */ = {isa = PBXFileReference; fileEncoding = 4; lastKnownFileType = sourcecode.swift; path = TimelineViewModel.swift; sourceTree = "<group>"; };
		BFD99CF22DFDFD81000B54EE /* UserProfileViewModel.swift */ = {isa = PBXFileReference; fileEncoding = 4; lastKnownFileType = sourcecode.swift; path = UserProfileViewModel.swift; sourceTree = "<group>"; };
		BFD99CF32DFDFD81000B54EE /* SearchViewModel.swift */ = {isa = PBXFileReference; fileEncoding = 4; lastKnownFileType = sourcecode.swift; path = SearchViewModel.swift; sourceTree = "<group>"; };
		BFD99CF52DFDFD81000B54EE /* GoogleSheetsService.swift */ = {isa = PBXFileReference; fileEncoding = 4; lastKnownFileType = sourcecode.swift; path = GoogleSheetsService.swift; sourceTree = "<group>"; };
		BFD99D0A2DFE90DD000B54EE /* APIService.swift */ = {isa = PBXFileReference; fileEncoding = 4; lastKnownFileType = sourcecode.swift; path = APIService.swift; sourceTree = "<group>"; };
		BFD99D0C2DFF466A000B54EE /* StarButton.swift */ = {isa = PBXFileReference; fileEncoding = 4; lastKnownFileType = sourcecode.swift; path = StarButton.swift; sourceTree = "<group>"; };
		BFD99D0E2DFF49AD000B54EE /* UsageMeterView.swift */ = {isa = PBXFileReference; fileEncoding = 4; lastKnownFileType = sourcecode.swift; path = UsageMeterView.swift; sourceTree = "<group>"; };
		BFD99D102DFF4A90000B54EE /* UsageTrackerService.swift */ = {isa = PBXFileReference; fileEncoding = 4; lastKnownFileType = sourcecode.swift; path = UsageTrackerService.swift; sourceTree = "<group>"; };
		BFD99D112DFE910E000B54EE /* PageCurlView.swift */ = {isa = PBXFileReference; fileEncoding = 4; lastKnownFileType = sourcecode.swift; path = PageCurlView.swift; sourceTree = "<group>"; };
		BFD99D132DFDFD81000B54EE /* IndexedSong.swift */ = {isa = PBXFileReference; fileEncoding = 4; lastKnownFileType = sourcecode.swift; path = IndexedSong.swift; sourceTree = "<group>"; };
		BFD99D142DFF4B00000B54EE /* Components/QuotaExceededSheet.swift */ = {isa = PBXFileReference; fileEncoding = 4; lastKnownFileType = sourcecode.swift; path = Components/QuotaExceededSheet.swift; sourceTree = "<group>"; };
		BFD99D142E00BA35000B54EE /* GMASPM */ = {isa = PBXFileReference; lastKnownFileType = wrapper; path = GMASPM; sourceTree = "<group>"; };
		BFD99D172E00CC0E000B54EE /* PurchaseService.swift */ = {isa = PBXFileReference; fileEncoding = 4; lastKnownFileType = sourcecode.swift; path = PurchaseService.swift; sourceTree = "<group>"; };
		BFD99D192E00CC0F000B54EE /* Paywall/PaywallView.swift */ = {isa = PBXFileReference; fileEncoding = 4; lastKnownFileType = sourcecode.swift; path = Paywall/PaywallView.swift; sourceTree = "<group>"; };
		BFD99D1A2E00CB9C000B54EE /* Info.plist */ = {isa = PBXFileReference; lastKnownFileType = text.plist; path = Info.plist; sourceTree = "<group>"; };
		BFD99D1F2E00CC0D000B54EE /* StoreKit.framework */ = {isa = PBXFileReference; lastKnownFileType = wrapper.framework; path = StoreKit.framework; sourceTree = SDK; };
		BFD99D202E02B728000B54EE /* SplashView.swift */ = {isa = PBXFileReference; fileEncoding = 4; lastKnownFileType = sourcecode.swift; path = SplashView.swift; sourceTree = "<group>"; };
		BFD99D222E032824000B54EE /* UpgradeButton.swift */ = {isa = PBXFileReference; fileEncoding = 4; lastKnownFileType = sourcecode.swift; path = UpgradeButton.swift; sourceTree = "<group>"; };
		BFD99D242E03283C000B54EE /* DailyUsesCounterButton.swift */ = {isa = PBXFileReference; fileEncoding = 4; lastKnownFileType = sourcecode.swift; path = DailyUsesCounterButton.swift; sourceTree = "<group>"; };
/* End PBXFileReference section */

/* Begin PBXFrameworksBuildPhase section */
		BFD674782DFD2C4300225927 /* Frameworks */ = {
			isa = PBXFrameworksBuildPhase;
			buildActionMask = 2147483647;
			files = (
				BFD99D1E2E00CC0D000B54EE /* StoreKit.framework in Frameworks */,
			);
			runOnlyForDeploymentPostprocessing = 0;
		};
		BFD674882DFD2C4600225927 /* Frameworks */ = {
			isa = PBXFrameworksBuildPhase;
			buildActionMask = 2147483647;
			files = (
			);
			runOnlyForDeploymentPostprocessing = 0;
		};
		BFD674922DFD2C4600225927 /* Frameworks */ = {
			isa = PBXFrameworksBuildPhase;
			buildActionMask = 2147483647;
			files = (
			);
			runOnlyForDeploymentPostprocessing = 0;
		};
/* End PBXFrameworksBuildPhase section */

/* Begin PBXGroup section */
		BFD674722DFD2C4300225927 = {
			isa = PBXGroup;
			children = (
				BFD99CE42DFDFD81000B54EE /* Extensions */,
				BFD99CE62DFDFD81000B54EE /* Models */,
				BFD99CF42DFDFD81000B54EE /* Networking */,
				BFD99CE22DFDFD81000B54EE /* Resources */,
				BFD99CDE2DFDFD81000B54EE /* Services */,
				BFD99CF02DFDFD81000B54EE /* ViewModels */,
				BFD99CEA2DFDFD81000B54EE /* Views */,
				BFD99CCC2DFDF9E3000B54EE /* Packages */,
				BFD6747D2DFD2C4300225927 /* MelodyMap */,
				BFD6748E2DFD2C4600225927 /* MelodyMapTests */,
				BFD674982DFD2C4600225927 /* MelodyMapUITests */,
				BFD6747C2DFD2C4300225927 /* Products */,
				BFD99D152E00BCB8000B54EE /* Frameworks */,
			);
			sourceTree = "<group>";
		};
		BFD6747C2DFD2C4300225927 /* Products */ = {
			isa = PBXGroup;
			children = (
				BFD6747B2DFD2C4300225927 /* MelodyMap.app */,
				BFD6748B2DFD2C4600225927 /* MelodyMapTests.xctest */,
				BFD674952DFD2C4600225927 /* MelodyMapUITests.xctest */,
			);
			name = Products;
			sourceTree = "<group>";
		};
		BFD6747D2DFD2C4300225927 /* MelodyMap */ = {
			isa = PBXGroup;
			children = (
				BFD99D1A2E00CB9C000B54EE /* Info.plist */,
				BFD6747E2DFD2C4300225927 /* MelodyMapApp.swift */,
				BFD674822DFD2C4500225927 /* Assets.xcassets */,
				BFD674842DFD2C4500225927 /* Preview Content */,
			);
			path = MelodyMap;
			sourceTree = "<group>";
		};
		BFD674842DFD2C4500225927 /* Preview Content */ = {
			isa = PBXGroup;
			children = (
				BFD674852DFD2C4500225927 /* Preview Assets.xcassets */,
			);
			path = "Preview Content";
			sourceTree = "<group>";
		};
		BFD6748E2DFD2C4600225927 /* MelodyMapTests */ = {
			isa = PBXGroup;
			children = (
				BFD6748F2DFD2C4600225927 /* MelodyMapTests.swift */,
			);
			path = MelodyMapTests;
			sourceTree = "<group>";
		};
		BFD674982DFD2C4600225927 /* MelodyMapUITests */ = {
			isa = PBXGroup;
			children = (
				BFD674992DFD2C4600225927 /* MelodyMapUITests.swift */,
				BFD6749B2DFD2C4600225927 /* MelodyMapUITestsLaunchTests.swift */,
			);
			path = MelodyMapUITests;
			sourceTree = "<group>";
		};
		BFD99CCC2DFDF9E3000B54EE /* Packages */ = {
			isa = PBXGroup;
			children = (
				BFD99D142E00BA35000B54EE /* GMASPM */,
			);
			name = Packages;
			sourceTree = "<group>";
		};
		BFD99CDE2DFDFD81000B54EE /* Services */ = {
			isa = PBXGroup;
			children = (
				BFD99D102DFF4A90000B54EE /* UsageTrackerService.swift */,
				BFD99CDF2DFDFD81000B54EE /* InAppPurchaseService.swift */,
				BFD99D172E00CC0E000B54EE /* PurchaseService.swift */,
				BFD99CE02DFDFD81000B54EE /* AdService.swift */,
				BFD99CE12DFDFD81000B54EE /* DataSyncService.swift */,
			);
			path = Services;
			sourceTree = "<group>";
		};
		BFD99CE22DFDFD81000B54EE /* Resources */ = {
			isa = PBXGroup;
			children = (
				BFD99CE32DFDFD81000B54EE /* .gitkeep */,
			);
			path = Resources;
			sourceTree = "<group>";
		};
		BFD99CE42DFDFD81000B54EE /* Extensions */ = {
			isa = PBXGroup;
			children = (
				BFD99CE52DFDFD81000B54EE /* Helpers.swift */,
			);
			path = Extensions;
			sourceTree = "<group>";
		};
		BFD99CE62DFDFD81000B54EE /* Models */ = {
			isa = PBXGroup;
			children = (
				BFD99CE72DFDFD81000B54EE /* Movie.swift */,
				BFD99CE82DFDFD81000B54EE /* Song.swift */,
				BFD99D132DFDFD81000B54EE /* IndexedSong.swift */,
				BFD99CE92DFDFD81000B54EE /* UserProfile.swift */,
			);
			path = Models;
			sourceTree = "<group>";
		};
		BFD99CEA2DFDFD81000B54EE /* Views */ = {
			isa = PBXGroup;
			children = (
				BFD99D242E03283C000B54EE /* DailyUsesCounterButton.swift */,
				BFD99D222E032824000B54EE /* UpgradeButton.swift */,
				BFD99D202E02B728000B54EE /* SplashView.swift */,
				BFD99D0E2DFF49AD000B54EE /* UsageMeterView.swift */,
				BFD99D0C2DFF466A000B54EE /* StarButton.swift */,
				BFD99CEB2DFDFD81000B54EE /* MainTabView.swift */,
				BFD99CEC2DFDFD81000B54EE /* SearchView.swift */,
				BFD99CED2DFDFD81000B54EE /* ProfileView.swift */,
				BFD99CEE2DFDFD81000B54EE /* TimelineView.swift */,
				BFD99CEF2DFDFD81000B54EE /* SongDetailView.swift */,
				BFD99D112DFE910E000B54EE /* PageCurlView.swift */,
				40A366303D6046388571CA84 /* MoviePageView.swift */,
				BFD99D142DFF4B00000B54EE /* Components/QuotaExceededSheet.swift */,
				BFD99D192E00CC0F000B54EE /* Paywall/PaywallView.swift */,
			);
			path = Views;
			sourceTree = "<group>";
		};
		BFD99CF02DFDFD81000B54EE /* ViewModels */ = {
			isa = PBXGroup;
			children = (
				BFD99CF12DFDFD81000B54EE /* TimelineViewModel.swift */,
				BFD99CF22DFDFD81000B54EE /* UserProfileViewModel.swift */,
				BFD99CF32DFDFD81000B54EE /* SearchViewModel.swift */,
			);
			path = ViewModels;
			sourceTree = "<group>";
		};
		BFD99CF42DFDFD81000B54EE /* Networking */ = {
			isa = PBXGroup;
			children = (
				BFD99D0A2DFE90DD000B54EE /* APIService.swift */,
				BFD99CF52DFDFD81000B54EE /* GoogleSheetsService.swift */,
			);
			path = Networking;
			sourceTree = "<group>";
		};
		BFD99D152E00BCB8000B54EE /* Frameworks */ = {
			isa = PBXGroup;
			children = (
				BFD99D1F2E00CC0D000B54EE /* StoreKit.framework */,
			);
			name = Frameworks;
			sourceTree = "<group>";
		};
/* End PBXGroup section */

/* Begin PBXNativeTarget section */
		BFD6747A2DFD2C4300225927 /* MelodyMap */ = {
			isa = PBXNativeTarget;
			buildConfigurationList = BFD6749F2DFD2C4600225927 /* Build configuration list for PBXNativeTarget "MelodyMap" */;
			buildPhases = (
				BFD674772DFD2C4300225927 /* Sources */,
				BFD674782DFD2C4300225927 /* Frameworks */,
				BFD674792DFD2C4300225927 /* Resources */,
				BFD99D1E2E00CC0C000B54EE /* Embed Frameworks */,
			);
			buildRules = (
			);
			dependencies = (
			);
			name = MelodyMap;
			packageProductDependencies = (
			);
			productName = MelodyMap;
			productReference = BFD6747B2DFD2C4300225927 /* MelodyMap.app */;
			productType = "com.apple.product-type.application";
		};
		BFD6748A2DFD2C4600225927 /* MelodyMapTests */ = {
			isa = PBXNativeTarget;
			buildConfigurationList = BFD674A22DFD2C4600225927 /* Build configuration list for PBXNativeTarget "MelodyMapTests" */;
			buildPhases = (
				BFD674872DFD2C4600225927 /* Sources */,
				BFD674882DFD2C4600225927 /* Frameworks */,
				BFD674892DFD2C4600225927 /* Resources */,
			);
			buildRules = (
			);
			dependencies = (
				BFD6748D2DFD2C4600225927 /* PBXTargetDependency */,
			);
			name = MelodyMapTests;
			productName = MelodyMapTests;
			productReference = BFD6748B2DFD2C4600225927 /* MelodyMapTests.xctest */;
			productType = "com.apple.product-type.bundle.unit-test";
		};
		BFD674942DFD2C4600225927 /* MelodyMapUITests */ = {
			isa = PBXNativeTarget;
			buildConfigurationList = BFD674A52DFD2C4600225927 /* Build configuration list for PBXNativeTarget "MelodyMapUITests" */;
			buildPhases = (
				BFD674912DFD2C4600225927 /* Sources */,
				BFD674922DFD2C4600225927 /* Frameworks */,
				BFD674932DFD2C4600225927 /* Resources */,
			);
			buildRules = (
			);
			dependencies = (
				BFD674972DFD2C4600225927 /* PBXTargetDependency */,
			);
			name = MelodyMapUITests;
			productName = MelodyMapUITests;
			productReference = BFD674952DFD2C4600225927 /* MelodyMapUITests.xctest */;
			productType = "com.apple.product-type.bundle.ui-testing";
		};
/* End PBXNativeTarget section */

/* Begin PBXProject section */
		BFD674732DFD2C4300225927 /* Project object */ = {
			isa = PBXProject;
			attributes = {
				BuildIndependentTargetsInParallel = 1;
				LastSwiftUpdateCheck = 1320;
				LastUpgradeCheck = 1320;
				TargetAttributes = {
					BFD6747A2DFD2C4300225927 = {
						CreatedOnToolsVersion = 13.2.1;
					};
					BFD6748A2DFD2C4600225927 = {
						CreatedOnToolsVersion = 13.2.1;
						TestTargetID = BFD6747A2DFD2C4300225927;
					};
					BFD674942DFD2C4600225927 = {
						CreatedOnToolsVersion = 13.2.1;
						TestTargetID = BFD6747A2DFD2C4300225927;
					};
				};
			};
			buildConfigurationList = BFD674762DFD2C4300225927 /* Build configuration list for PBXProject "MelodyMap" */;
			compatibilityVersion = "Xcode 13.0";
			developmentRegion = en;
			hasScannedForEncodings = 0;
			knownRegions = (
				en,
				Base,
			);
			mainGroup = BFD674722DFD2C4300225927;
			productRefGroup = BFD6747C2DFD2C4300225927 /* Products */;
			projectDirPath = "";
			projectRoot = "";
			targets = (
				BFD6747A2DFD2C4300225927 /* MelodyMap */,
				BFD6748A2DFD2C4600225927 /* MelodyMapTests */,
				BFD674942DFD2C4600225927 /* MelodyMapUITests */,
			);
		};
/* End PBXProject section */

/* Begin PBXResourcesBuildPhase section */
		BFD674792DFD2C4300225927 /* Resources */ = {
			isa = PBXResourcesBuildPhase;
			buildActionMask = 2147483647;
			files = (
				BFD99CFB2DFDFD81000B54EE /* .gitkeep in Resources */,
				BFD674862DFD2C4500225927 /* Preview Assets.xcassets in Resources */,
				BFD674832DFD2C4500225927 /* Assets.xcassets in Resources */,
			);
			runOnlyForDeploymentPostprocessing = 0;
		};
		BFD674892DFD2C4600225927 /* Resources */ = {
			isa = PBXResourcesBuildPhase;
			buildActionMask = 2147483647;
			files = (
			);
			runOnlyForDeploymentPostprocessing = 0;
		};
		BFD674932DFD2C4600225927 /* Resources */ = {
			isa = PBXResourcesBuildPhase;
			buildActionMask = 2147483647;
			files = (
			);
			runOnlyForDeploymentPostprocessing = 0;
		};
/* End PBXResourcesBuildPhase section */

/* Begin PBXSourcesBuildPhase section */
		BFD674772DFD2C4300225927 /* Sources */ = {
			isa = PBXSourcesBuildPhase;
			buildActionMask = 2147483647;
			files = (
				BFD99D042DFDFD81000B54EE /* SongDetailView.swift in Sources */,
				BFD99D122DFE910E000B54EE /* PageCurlView.swift in Sources */,
				C1D2FE12780743C4971575A0 /* MoviePageView.swift in Sources */,
				BFD99D0B2DFE90DE000B54EE /* APIService.swift in Sources */,
				BFD99D0F2DFF49AD000B54EE /* UsageMeterView.swift in Sources */,
				BFD99D062DFDFD81000B54EE /* UserProfileViewModel.swift in Sources */,
				BFD99CFD2DFDFD81000B54EE /* Movie.swift in Sources */,
				BFD99CFA2DFDFD81000B54EE /* DataSyncService.swift in Sources */,
				BFD99CFC2DFDFD81000B54EE /* Helpers.swift in Sources */,
				BFD99D052DFDFD81000B54EE /* TimelineViewModel.swift in Sources */,
				BFD99CF92DFDFD81000B54EE /* AdService.swift in Sources */,
				BFD99D022DFDFD81000B54EE /* ProfileView.swift in Sources */,
				BFD99D252E03283C000B54EE /* DailyUsesCounterButton.swift in Sources */,
				BFD99CFE2DFDFD81000B54EE /* Song.swift in Sources */,
				BFD99D232E032824000B54EE /* UpgradeButton.swift in Sources */,
				BFD99D212E02B728000B54EE /* SplashView.swift in Sources */,
				BFD99D142DFDFD81000B54EE /* IndexedSong.swift in Sources */,
				BFD99D112DFF4A90000B54EE /* UsageTrackerService.swift in Sources */,
				BFD99CF82DFDFD81000B54EE /* InAppPurchaseService.swift in Sources */,
				BFD99D162E00CC0E000B54EE /* PurchaseService.swift in Sources */,
				BFD6747F2DFD2C4300225927 /* MelodyMapApp.swift in Sources */,
				BFD99D082DFDFD82000B54EE /* GoogleSheetsService.swift in Sources */,
				BFD99D152DFF4B00000B54EE /* Components/QuotaExceededSheet.swift in Sources */,
				BFD99D182E00CC0F000B54EE /* Paywall/PaywallView.swift in Sources */,
				BFD99D002DFDFD81000B54EE /* MainTabView.swift in Sources */,
				BFD99D012DFDFD81000B54EE /* SearchView.swift in Sources */,
				BFD99D032DFDFD81000B54EE /* TimelineView.swift in Sources */,
				BFD99D072DFDFD81000B54EE /* SearchViewModel.swift in Sources */,
				BFD99D0D2DFF466A000B54EE /* StarButton.swift in Sources */,
				BFD99CFF2DFDFD81000B54EE /* UserProfile.swift in Sources */,
			);
			runOnlyForDeploymentPostprocessing = 0;
		};
		BFD674872DFD2C4600225927 /* Sources */ = {
			isa = PBXSourcesBuildPhase;
			buildActionMask = 2147483647;
			files = (
				BFD674902DFD2C4600225927 /* MelodyMapTests.swift in Sources */,
			);
			runOnlyForDeploymentPostprocessing = 0;
		};
		BFD674912DFD2C4600225927 /* Sources */ = {
			isa = PBXSourcesBuildPhase;
			buildActionMask = 2147483647;
			files = (
				BFD6749A2DFD2C4600225927 /* MelodyMapUITests.swift in Sources */,
				BFD6749C2DFD2C4600225927 /* MelodyMapUITestsLaunchTests.swift in Sources */,
			);
			runOnlyForDeploymentPostprocessing = 0;
		};
/* End PBXSourcesBuildPhase section */

/* Begin PBXTargetDependency section */
		BFD6748D2DFD2C4600225927 /* PBXTargetDependency */ = {
			isa = PBXTargetDependency;
			target = BFD6747A2DFD2C4300225927 /* MelodyMap */;
			targetProxy = BFD6748C2DFD2C4600225927 /* PBXContainerItemProxy */;
		};
		BFD674972DFD2C4600225927 /* PBXTargetDependency */ = {
			isa = PBXTargetDependency;
			target = BFD6747A2DFD2C4300225927 /* MelodyMap */;
			targetProxy = BFD674962DFD2C4600225927 /* PBXContainerItemProxy */;
		};
/* End PBXTargetDependency section */

/* Begin XCBuildConfiguration section */
		BFD6749D2DFD2C4600225927 /* Debug */ = {
			isa = XCBuildConfiguration;
			buildSettings = {
				ALWAYS_SEARCH_USER_PATHS = NO;
				CLANG_ANALYZER_NONNULL = YES;
				CLANG_ANALYZER_NUMBER_OBJECT_CONVERSION = YES_AGGRESSIVE;
				CLANG_CXX_LANGUAGE_STANDARD = "gnu++17";
				CLANG_CXX_LIBRARY = "libc++";
				CLANG_ENABLE_MODULES = YES;
				CLANG_ENABLE_OBJC_ARC = YES;
				CLANG_ENABLE_OBJC_WEAK = YES;
				CLANG_WARN_BLOCK_CAPTURE_AUTORELEASING = YES;
				CLANG_WARN_BOOL_CONVERSION = YES;
				CLANG_WARN_COMMA = YES;
				CLANG_WARN_CONSTANT_CONVERSION = YES;
				CLANG_WARN_DEPRECATED_OBJC_IMPLEMENTATIONS = YES;
				CLANG_WARN_DIRECT_OBJC_ISA_USAGE = YES_ERROR;
				CLANG_WARN_DOCUMENTATION_COMMENTS = YES;
				CLANG_WARN_EMPTY_BODY = YES;
				CLANG_WARN_ENUM_CONVERSION = YES;
				CLANG_WARN_INFINITE_RECURSION = YES;
				CLANG_WARN_INT_CONVERSION = YES;
				CLANG_WARN_NON_LITERAL_NULL_CONVERSION = YES;
				CLANG_WARN_OBJC_IMPLICIT_RETAIN_SELF = YES;
				CLANG_WARN_OBJC_LITERAL_CONVERSION = YES;
				CLANG_WARN_OBJC_ROOT_CLASS = YES_ERROR;
				CLANG_WARN_QUOTED_INCLUDE_IN_FRAMEWORK_HEADER = YES;
				CLANG_WARN_RANGE_LOOP_ANALYSIS = YES;
				CLANG_WARN_STRICT_PROTOTYPES = YES;
				CLANG_WARN_SUSPICIOUS_MOVE = YES;
				CLANG_WARN_UNGUARDED_AVAILABILITY = YES_AGGRESSIVE;
				CLANG_WARN_UNREACHABLE_CODE = YES;
				CLANG_WARN__DUPLICATE_METHOD_MATCH = YES;
				COPY_PHASE_STRIP = NO;
				DEBUG_INFORMATION_FORMAT = dwarf;
				ENABLE_STRICT_OBJC_MSGSEND = YES;
				ENABLE_TESTABILITY = YES;
				GCC_C_LANGUAGE_STANDARD = gnu11;
				GCC_DYNAMIC_NO_PIC = NO;
				GCC_NO_COMMON_BLOCKS = YES;
				GCC_OPTIMIZATION_LEVEL = 0;
				GCC_PREPROCESSOR_DEFINITIONS = (
					"DEBUG=1",
					"$(inherited)",
				);
				GCC_WARN_64_TO_32_BIT_CONVERSION = YES;
				GCC_WARN_ABOUT_RETURN_TYPE = YES_ERROR;
				GCC_WARN_UNDECLARED_SELECTOR = YES;
				GCC_WARN_UNINITIALIZED_AUTOS = YES_AGGRESSIVE;
				GCC_WARN_UNUSED_FUNCTION = YES;
				GCC_WARN_UNUSED_VARIABLE = YES;
				IPHONEOS_DEPLOYMENT_TARGET = 15.2;
				MTL_ENABLE_DEBUG_INFO = INCLUDE_SOURCE;
				MTL_FAST_MATH = YES;
				ONLY_ACTIVE_ARCH = YES;
				SDKROOT = iphoneos;
				SWIFT_ACTIVE_COMPILATION_CONDITIONS = DEBUG;
				SWIFT_OPTIMIZATION_LEVEL = "-Onone";
			};
			name = Debug;
		};
		BFD6749E2DFD2C4600225927 /* Release */ = {
			isa = XCBuildConfiguration;
			buildSettings = {
				ALWAYS_SEARCH_USER_PATHS = NO;
				CLANG_ANALYZER_NONNULL = YES;
				CLANG_ANALYZER_NUMBER_OBJECT_CONVERSION = YES_AGGRESSIVE;
				CLANG_CXX_LANGUAGE_STANDARD = "gnu++17";
				CLANG_CXX_LIBRARY = "libc++";
				CLANG_ENABLE_MODULES = YES;
				CLANG_ENABLE_OBJC_ARC = YES;
				CLANG_ENABLE_OBJC_WEAK = YES;
				CLANG_WARN_BLOCK_CAPTURE_AUTORELEASING = YES;
				CLANG_WARN_BOOL_CONVERSION = YES;
				CLANG_WARN_COMMA = YES;
				CLANG_WARN_CONSTANT_CONVERSION = YES;
				CLANG_WARN_DEPRECATED_OBJC_IMPLEMENTATIONS = YES;
				CLANG_WARN_DIRECT_OBJC_ISA_USAGE = YES_ERROR;
				CLANG_WARN_DOCUMENTATION_COMMENTS = YES;
				CLANG_WARN_EMPTY_BODY = YES;
				CLANG_WARN_ENUM_CONVERSION = YES;
				CLANG_WARN_INFINITE_RECURSION = YES;
				CLANG_WARN_INT_CONVERSION = YES;
				CLANG_WARN_NON_LITERAL_NULL_CONVERSION = YES;
				CLANG_WARN_OBJC_IMPLICIT_RETAIN_SELF = YES;
				CLANG_WARN_OBJC_LITERAL_CONVERSION = YES;
				CLANG_WARN_OBJC_ROOT_CLASS = YES_ERROR;
				CLANG_WARN_QUOTED_INCLUDE_IN_FRAMEWORK_HEADER = YES;
				CLANG_WARN_RANGE_LOOP_ANALYSIS = YES;
				CLANG_WARN_STRICT_PROTOTYPES = YES;
				CLANG_WARN_SUSPICIOUS_MOVE = YES;
				CLANG_WARN_UNGUARDED_AVAILABILITY = YES_AGGRESSIVE;
				CLANG_WARN_UNREACHABLE_CODE = YES;
				CLANG_WARN__DUPLICATE_METHOD_MATCH = YES;
				COPY_PHASE_STRIP = NO;
				DEBUG_INFORMATION_FORMAT = "dwarf-with-dsym";
				ENABLE_NS_ASSERTIONS = NO;
				ENABLE_STRICT_OBJC_MSGSEND = YES;
				GCC_C_LANGUAGE_STANDARD = gnu11;
				GCC_NO_COMMON_BLOCKS = YES;
				GCC_WARN_64_TO_32_BIT_CONVERSION = YES;
				GCC_WARN_ABOUT_RETURN_TYPE = YES_ERROR;
				GCC_WARN_UNDECLARED_SELECTOR = YES;
				GCC_WARN_UNINITIALIZED_AUTOS = YES_AGGRESSIVE;
				GCC_WARN_UNUSED_FUNCTION = YES;
				GCC_WARN_UNUSED_VARIABLE = YES;
				IPHONEOS_DEPLOYMENT_TARGET = 15.2;
				MTL_ENABLE_DEBUG_INFO = NO;
				MTL_FAST_MATH = YES;
				SDKROOT = iphoneos;
				SWIFT_COMPILATION_MODE = wholemodule;
				SWIFT_OPTIMIZATION_LEVEL = "-O";
				VALIDATE_PRODUCT = YES;
			};
			name = Release;
		};
		BFD674A02DFD2C4600225927 /* Debug */ = {
			isa = XCBuildConfiguration;
			buildSettings = {
				ASSETCATALOG_COMPILER_APPICON_NAME = AppIcon;
				ASSETCATALOG_COMPILER_GLOBAL_ACCENT_COLOR_NAME = AccentColor;
				CODE_SIGN_STYLE = Automatic;
				CURRENT_PROJECT_VERSION = 1;
				DEVELOPMENT_ASSET_PATHS = "\"MelodyMap/Preview Content\"";
				DEVELOPMENT_TEAM = 9N3P2KVL9H;
				ENABLE_PREVIEWS = YES;
				GENERATE_INFOPLIST_FILE = YES;
				INFOPLIST_FILE = MelodyMap/Info.plist;
				INFOPLIST_KEY_UIApplicationSceneManifest_Generation = YES;
				INFOPLIST_KEY_UIApplicationSupportsIndirectInputEvents = YES;
				INFOPLIST_KEY_UILaunchScreen_Generation = YES;
				INFOPLIST_KEY_UISupportedInterfaceOrientations_iPad = "UIInterfaceOrientationPortrait UIInterfaceOrientationPortraitUpsideDown UIInterfaceOrientationLandscapeLeft UIInterfaceOrientationLandscapeRight";
				INFOPLIST_KEY_UISupportedInterfaceOrientations_iPhone = "UIInterfaceOrientationPortrait UIInterfaceOrientationLandscapeLeft UIInterfaceOrientationLandscapeRight";
				LD_RUNPATH_SEARCH_PATHS = (
					"$(inherited)",
					"@executable_path/Frameworks",
				);
				MARKETING_VERSION = 1.0;
				PRODUCT_BUNDLE_IDENTIFIER = "Fishman-Studios.MelodyMap";
				PRODUCT_NAME = "$(TARGET_NAME)";
				SWIFT_EMIT_LOC_STRINGS = YES;
				SWIFT_VERSION = 5.0;
				TARGETED_DEVICE_FAMILY = "1,2";
			};
			name = Debug;
		};
		BFD674A12DFD2C4600225927 /* Release */ = {
			isa = XCBuildConfiguration;
			buildSettings = {
				ASSETCATALOG_COMPILER_APPICON_NAME = AppIcon;
				ASSETCATALOG_COMPILER_GLOBAL_ACCENT_COLOR_NAME = AccentColor;
				CODE_SIGN_STYLE = Automatic;
				CURRENT_PROJECT_VERSION = 1;
				DEVELOPMENT_ASSET_PATHS = "\"MelodyMap/Preview Content\"";
				DEVELOPMENT_TEAM = 9N3P2KVL9H;
				ENABLE_PREVIEWS = YES;
				GENERATE_INFOPLIST_FILE = YES;
				INFOPLIST_FILE = MelodyMap/Info.plist;
				INFOPLIST_KEY_UIApplicationSceneManifest_Generation = YES;
				INFOPLIST_KEY_UIApplicationSupportsIndirectInputEvents = YES;
				INFOPLIST_KEY_UILaunchScreen_Generation = YES;
				INFOPLIST_KEY_UISupportedInterfaceOrientations_iPad = "UIInterfaceOrientationPortrait UIInterfaceOrientationPortraitUpsideDown UIInterfaceOrientationLandscapeLeft UIInterfaceOrientationLandscapeRight";
				INFOPLIST_KEY_UISupportedInterfaceOrientations_iPhone = "UIInterfaceOrientationPortrait UIInterfaceOrientationLandscapeLeft UIInterfaceOrientationLandscapeRight";
				LD_RUNPATH_SEARCH_PATHS = (
					"$(inherited)",
					"@executable_path/Frameworks",
				);
				MARKETING_VERSION = 1.0;
				PRODUCT_BUNDLE_IDENTIFIER = "Fishman-Studios.MelodyMap";
				PRODUCT_NAME = "$(TARGET_NAME)";
				SWIFT_EMIT_LOC_STRINGS = YES;
				SWIFT_VERSION = 5.0;
				TARGETED_DEVICE_FAMILY = "1,2";
			};
			name = Release;
		};
		BFD674A32DFD2C4600225927 /* Debug */ = {
			isa = XCBuildConfiguration;
			buildSettings = {
				ALWAYS_EMBED_SWIFT_STANDARD_LIBRARIES = YES;
				BUNDLE_LOADER = "$(TEST_HOST)";
				CODE_SIGN_STYLE = Automatic;
				CURRENT_PROJECT_VERSION = 1;
				GENERATE_INFOPLIST_FILE = YES;
				IPHONEOS_DEPLOYMENT_TARGET = 15.2;
				MARKETING_VERSION = 1.0;
				PRODUCT_BUNDLE_IDENTIFIER = "Fishman-Studios.MelodyMapTests";
				PRODUCT_NAME = "$(TARGET_NAME)";
				SWIFT_EMIT_LOC_STRINGS = NO;
				SWIFT_VERSION = 5.0;
				TARGETED_DEVICE_FAMILY = "1,2";
				TEST_HOST = "$(BUILT_PRODUCTS_DIR)/MelodyMap.app/MelodyMap";
			};
			name = Debug;
		};
		BFD674A42DFD2C4600225927 /* Release */ = {
			isa = XCBuildConfiguration;
			buildSettings = {
				ALWAYS_EMBED_SWIFT_STANDARD_LIBRARIES = YES;
				BUNDLE_LOADER = "$(TEST_HOST)";
				CODE_SIGN_STYLE = Automatic;
				CURRENT_PROJECT_VERSION = 1;
				GENERATE_INFOPLIST_FILE = YES;
				IPHONEOS_DEPLOYMENT_TARGET = 15.2;
				MARKETING_VERSION = 1.0;
				PRODUCT_BUNDLE_IDENTIFIER = "Fishman-Studios.MelodyMapTests";
				PRODUCT_NAME = "$(TARGET_NAME)";
				SWIFT_EMIT_LOC_STRINGS = NO;
				SWIFT_VERSION = 5.0;
				TARGETED_DEVICE_FAMILY = "1,2";
				TEST_HOST = "$(BUILT_PRODUCTS_DIR)/MelodyMap.app/MelodyMap";
			};
			name = Release;
		};
		BFD674A62DFD2C4600225927 /* Debug */ = {
			isa = XCBuildConfiguration;
			buildSettings = {
				ALWAYS_EMBED_SWIFT_STANDARD_LIBRARIES = YES;
				CODE_SIGN_STYLE = Automatic;
				CURRENT_PROJECT_VERSION = 1;
				GENERATE_INFOPLIST_FILE = YES;
				MARKETING_VERSION = 1.0;
				PRODUCT_BUNDLE_IDENTIFIER = "Fishman-Studios.MelodyMapUITests";
				PRODUCT_NAME = "$(TARGET_NAME)";
				SWIFT_EMIT_LOC_STRINGS = NO;
				SWIFT_VERSION = 5.0;
				TARGETED_DEVICE_FAMILY = "1,2";
				TEST_TARGET_NAME = MelodyMap;
			};
			name = Debug;
		};
		BFD674A72DFD2C4600225927 /* Release */ = {
			isa = XCBuildConfiguration;
			buildSettings = {
				ALWAYS_EMBED_SWIFT_STANDARD_LIBRARIES = YES;
				CODE_SIGN_STYLE = Automatic;
				CURRENT_PROJECT_VERSION = 1;
				GENERATE_INFOPLIST_FILE = YES;
				MARKETING_VERSION = 1.0;
				PRODUCT_BUNDLE_IDENTIFIER = "Fishman-Studios.MelodyMapUITests";
				PRODUCT_NAME = "$(TARGET_NAME)";
				SWIFT_EMIT_LOC_STRINGS = NO;
				SWIFT_VERSION = 5.0;
				TARGETED_DEVICE_FAMILY = "1,2";
				TEST_TARGET_NAME = MelodyMap;
			};
			name = Release;
		};
/* End XCBuildConfiguration section */

/* Begin XCConfigurationList section */
		BFD674762DFD2C4300225927 /* Build configuration list for PBXProject "MelodyMap" */ = {
			isa = XCConfigurationList;
			buildConfigurations = (
				BFD6749D2DFD2C4600225927 /* Debug */,
				BFD6749E2DFD2C4600225927 /* Release */,
			);
			defaultConfigurationIsVisible = 0;
			defaultConfigurationName = Release;
		};
		BFD6749F2DFD2C4600225927 /* Build configuration list for PBXNativeTarget "MelodyMap" */ = {
			isa = XCConfigurationList;
			buildConfigurations = (
				BFD674A02DFD2C4600225927 /* Debug */,
				BFD674A12DFD2C4600225927 /* Release */,
			);
			defaultConfigurationIsVisible = 0;
			defaultConfigurationName = Release;
		};
		BFD674A22DFD2C4600225927 /* Build configuration list for PBXNativeTarget "MelodyMapTests" */ = {
			isa = XCConfigurationList;
			buildConfigurations = (
				BFD674A32DFD2C4600225927 /* Debug */,
				BFD674A42DFD2C4600225927 /* Release */,
			);
			defaultConfigurationIsVisible = 0;
			defaultConfigurationName = Release;
		};
		BFD674A52DFD2C4600225927 /* Build configuration list for PBXNativeTarget "MelodyMapUITests" */ = {
			isa = XCConfigurationList;
			buildConfigurations = (
				BFD674A62DFD2C4600225927 /* Debug */,
				BFD674A72DFD2C4600225927 /* Release */,
			);
			defaultConfigurationIsVisible = 0;
			defaultConfigurationName = Release;
		};
/* End XCConfigurationList section */
	};
	rootObject = BFD674732DFD2C4300225927 /* Project object */;
}
